PODS:
  - MiniLayout (1.4.2)
  - StepProgressView (1.5.1):
    - MiniLayout
  - SwiftFormat/CLI (0.40.9)
  - SwiftLint (0.33.0)
  - SwiftQuality (1.0.2):
    - SwiftFormat/CLI (= 0.40.9)
    - SwiftLint (= 0.33.0)

DEPENDENCIES:
  - StepProgressView (from `..`)
  - SwiftQuality (from `https://github.com/yonat/SwiftQuality`)

SPEC REPOS:
  https://github.com/cocoapods/specs.git:
    - MiniLayout
    - SwiftFormat
    - SwiftLint

EXTERNAL SOURCES:
  StepProgressView:
    :path: ".."
  SwiftQuality:
    :git: https://github.com/yonat/SwiftQuality

CHECKOUT OPTIONS:
  SwiftQuality:
    :commit: d56816af9d75882d222965c0bee01f5ca410f3e0
    :git: https://github.com/yonat/SwiftQuality

SPEC CHECKSUMS:
  MiniLayout: f819ad87432712e6b2596081a62e633a4961bfc6
  StepProgressView: 18c07632c70cb7a4d2136b6f1756e35a1de65540
  SwiftFormat: 6b67b6e7fe73d664f0cbb4f13721f130462c86a5
  SwiftLint: fed9c66336e41fc74dc48a73678380718f0c8b0e
  SwiftQuality: 9dddd6752df12ae7ed3b1eed24b6fc42d75724cf

PODFILE CHECKSUM: cfa90735e33527c56469c610b44574de13455f04

COCOAPODS: 1.7.2
