PODS:
  - StepProgressView (1.5.7):
    - SweeterSwift
  - SweeterSwift (1.2.1)
  - SwiftFormat/CLI (0.49.4)
  - SwiftLint (0.41.0)
  - SwiftQuality (1.1.3):
    - SwiftFormat/CLI (= 0.49.4)
    - SwiftLint (= 0.41.0)

DEPENDENCIES:
  - StepProgressView (from `..`)
  - SwiftQuality (from `https://github.com/yonat/SwiftQuality`)

SPEC REPOS:
  trunk:
    - SweeterSwift
    - SwiftFormat
    - SwiftLint

EXTERNAL SOURCES:
  StepProgressView:
    :path: ".."
  SwiftQuality:
    :git: https://github.com/yonat/SwiftQuality

CHECKOUT OPTIONS:
  SwiftQuality:
    :commit: 8eba9a4e28a390b4cb98e9b89faca91563e888e2
    :git: https://github.com/yonat/SwiftQuality

SPEC CHECKSUMS:
  StepProgressView: b9fd23d151eaf863eecdf4133d48ccd2022f7e54
  SweeterSwift: 61baeda1c0c27d1dc57c8112c3d6a82e5aff3139
  SwiftFormat: 8acc16efcecb563206cbe90b4cb047cfdf9aafdb
  SwiftLint: c585ebd615d9520d7fbdbe151f527977b0534f1e
  SwiftQuality: 560c0e3293e99fd8a0097707b49394ce1e92e802

PODFILE CHECKSUM: 31f67e26159d8199958492f570b085777cd451f6

COCOAPODS: 1.11.3
