PODS:
  - StepProgressView (1.6.0):
    - SweeterSwift
  - SweeterSwift (1.2.1)
  - SwiftFormat/CLI (0.50.7)
  - SwiftLint (0.50.3)
  - SwiftQuality (2.0.1):
    - SwiftFormat/CLI (= 0.50.7)
    - SwiftLint (= 0.50.3)

DEPENDENCIES:
  - StepProgressView (from `..`)
  - SwiftQuality (from `https://github.com/yonat/SwiftQuality`)

SPEC REPOS:
  trunk:
    - SweeterSwift
    - SwiftFormat
    - SwiftLint

EXTERNAL SOURCES:
  StepProgressView:
    :path: ".."
  SwiftQuality:
    :git: https://github.com/yonat/SwiftQuality

CHECKOUT OPTIONS:
  SwiftQuality:
    :commit: 38d9a9b073e0064c1d164f7202f956269f1827df
    :git: https://github.com/yonat/SwiftQuality

SPEC CHECKSUMS:
  StepProgressView: 7e2a305e641b2441102957bffc88496da422df68
  SweeterSwift: 61baeda1c0c27d1dc57c8112c3d6a82e5aff3139
  SwiftFormat: 4fcf72ee44c7198255108c22ed7135c38a36ba6b
  SwiftLint: 77f7cb2b9bb81ab4a12fcc86448ba3f11afa50c6
  SwiftQuality: 8d69820e0f82a25563c3cb33d31b0a11f124ea0c

PODFILE CHECKSUM: 57279d178232dc4ac8f79f1a3d6b731ba9e4855d

COCOAPODS: 1.11.3
