// !$*UTF8*$!
{
	archiveVersion = 1;
	classes = {
	};
	objectVersion = 46;
	objects = {

/* Begin PBXBuildFile section */
		59E7BA20B66C797A1A2FA2ED /* Pods_Step.framework in Frameworks */ = {isa = PBXBuildFile; fileRef = 275650BFB15B2138ED6A1587 /* Pods_Step.framework */; };
		DC3389B0227310270089435D /* CHANGELOG.md in Resources */ = {isa = PBXBuildFile; fileRef = DC3389AE227310270089435D /* CHANGELOG.md */; };
		DC3389B1227310270089435D /* README.md in Resources */ = {isa = PBXBuildFile; fileRef = DC3389AF227310270089435D /* README.md */; };
		DC9DD88120B0B91F007E16DD /* LaunchScreen.xib in Resources */ = {isa = PBXBuildFile; fileRef = DC9DD87D20B0B91F007E16DD /* LaunchScreen.xib */; };
		DC9DD88320B0B91F007E16DD /* StepProgressViewDemo.swift in Sources */ = {isa = PBXBuildFile; fileRef = DC9DD88020B0B91F007E16DD /* StepProgressViewDemo.swift */; };
/* End PBXBuildFile section */

/* Begin PBXFileReference section */
		275650BFB15B2138ED6A1587 /* Pods_Step.framework */ = {isa = PBXFileReference; explicitFileType = wrapper.framework; includeInIndex = 0; path = Pods_Step.framework; sourceTree = BUILT_PRODUCTS_DIR; };
		86135C1A24871D9F8B06C776 /* Pods-Step.release.xcconfig */ = {isa = PBXFileReference; includeInIndex = 1; lastKnownFileType = text.xcconfig; name = "Pods-Step.release.xcconfig"; path = "Pods/Target Support Files/Pods-Step/Pods-Step.release.xcconfig"; sourceTree = "<group>"; };
		DA8B0083C0BB161ED6F786F4 /* Pods-Step.debug.xcconfig */ = {isa = PBXFileReference; includeInIndex = 1; lastKnownFileType = text.xcconfig; name = "Pods-Step.debug.xcconfig"; path = "Pods/Target Support Files/Pods-Step/Pods-Step.debug.xcconfig"; sourceTree = "<group>"; };
		DC3389AE227310270089435D /* CHANGELOG.md */ = {isa = PBXFileReference; fileEncoding = 4; lastKnownFileType = net.daringfireball.markdown; name = CHANGELOG.md; path = ../CHANGELOG.md; sourceTree = "<group>"; };
		DC3389AF227310270089435D /* README.md */ = {isa = PBXFileReference; fileEncoding = 4; lastKnownFileType = net.daringfireball.markdown; name = README.md; path = ../README.md; sourceTree = "<group>"; };
		DC475DF91A8E3EF3005853AD /* Step.app */ = {isa = PBXFileReference; explicitFileType = wrapper.application; includeInIndex = 0; path = Step.app; sourceTree = BUILT_PRODUCTS_DIR; };
		DC9DD87E20B0B91F007E16DD /* Base */ = {isa = PBXFileReference; lastKnownFileType = file.xib; name = Base; path = Base.lproj/LaunchScreen.xib; sourceTree = "<group>"; };
		DC9DD87F20B0B91F007E16DD /* Info.plist */ = {isa = PBXFileReference; fileEncoding = 4; lastKnownFileType = text.plist.xml; path = Info.plist; sourceTree = "<group>"; };
		DC9DD88020B0B91F007E16DD /* StepProgressViewDemo.swift */ = {isa = PBXFileReference; fileEncoding = 4; lastKnownFileType = sourcecode.swift; path = StepProgressViewDemo.swift; sourceTree = "<group>"; };
/* End PBXFileReference section */

/* Begin PBXFrameworksBuildPhase section */
		DC475DF61A8E3EF3005853AD /* Frameworks */ = {
			isa = PBXFrameworksBuildPhase;
			buildActionMask = 2147483647;
			files = (
				59E7BA20B66C797A1A2FA2ED /* Pods_Step.framework in Frameworks */,
			);
			runOnlyForDeploymentPostprocessing = 0;
		};
/* End PBXFrameworksBuildPhase section */

/* Begin PBXGroup section */
		175065AE76A14B068E9DE39A /* Frameworks */ = {
			isa = PBXGroup;
			children = (
				275650BFB15B2138ED6A1587 /* Pods_Step.framework */,
			);
			name = Frameworks;
			sourceTree = "<group>";
		};
		DC475DF01A8E3EF3005853AD = {
			isa = PBXGroup;
			children = (
				DC3389AE227310270089435D /* CHANGELOG.md */,
				DC3389AF227310270089435D /* README.md */,
				DC9DD87C20B0B91F007E16DD /* Step */,
				DC475DFA1A8E3EF3005853AD /* Products */,
				DEF962C7CC9A4BCC4CA32BFB /* Pods */,
				175065AE76A14B068E9DE39A /* Frameworks */,
			);
			sourceTree = "<group>";
		};
		DC475DFA1A8E3EF3005853AD /* Products */ = {
			isa = PBXGroup;
			children = (
				DC475DF91A8E3EF3005853AD /* Step.app */,
			);
			name = Products;
			sourceTree = "<group>";
		};
		DC9DD87C20B0B91F007E16DD /* Step */ = {
			isa = PBXGroup;
			children = (
				DC9DD88020B0B91F007E16DD /* StepProgressViewDemo.swift */,
				DC9DD87F20B0B91F007E16DD /* Info.plist */,
				DC9DD87D20B0B91F007E16DD /* LaunchScreen.xib */,
			);
			path = Step;
			sourceTree = "<group>";
		};
		DEF962C7CC9A4BCC4CA32BFB /* Pods */ = {
			isa = PBXGroup;
			children = (
				DA8B0083C0BB161ED6F786F4 /* Pods-Step.debug.xcconfig */,
				86135C1A24871D9F8B06C776 /* Pods-Step.release.xcconfig */,
			);
			name = Pods;
			sourceTree = "<group>";
		};
/* End PBXGroup section */

/* Begin PBXNativeTarget section */
		DC475DF81A8E3EF3005853AD /* Step */ = {
			isa = PBXNativeTarget;
			buildConfigurationList = DC475E181A8E3EF3005853AD /* Build configuration list for PBXNativeTarget "Step" */;
			buildPhases = (
				04140FBC4A84E553FC6A577F /* [CP] Check Pods Manifest.lock */,
				92F32CBA0CB54133BD9EEFE4 /* [CP-User] SwiftFormat */,
				1AE1A7145CA8FFBFF1A4703D /* [CP-User] SwiftLintAutocorrect */,
				DC475DF51A8E3EF3005853AD /* Sources */,
				DC475DF61A8E3EF3005853AD /* Frameworks */,
				DC475DF71A8E3EF3005853AD /* Resources */,
				4992A0A4261E2D41779CEB94 /* [CP] Embed Pods Frameworks */,
				DC8470E142ACB9EF47D7CAE4 /* [CP] Copy Pods Resources */,
				703DB4F700976D5E158B2A0B /* [CP-User] SwiftLint */,
			);
			buildRules = (
			);
			dependencies = (
			);
			name = Step;
			productName = Step;
			productReference = DC475DF91A8E3EF3005853AD /* Step.app */;
			productType = "com.apple.product-type.application";
		};
/* End PBXNativeTarget section */

/* Begin PBXProject section */
		DC475DF11A8E3EF3005853AD /* Project object */ = {
			isa = PBXProject;
			attributes = {
				LastSwiftMigration = 0700;
				LastSwiftUpdateCheck = 0930;
				LastUpgradeCheck = 1020;
				ORGANIZATIONNAME = "Yonat Sharon";
				TargetAttributes = {
					DC475DF81A8E3EF3005853AD = {
						CreatedOnToolsVersion = 6.1.1;
						DevelopmentTeam = YD52LXT846;
						LastSwiftMigration = 1020;
					};
				};
			};
			buildConfigurationList = DC475DF41A8E3EF3005853AD /* Build configuration list for PBXProject "Step" */;
			compatibilityVersion = "Xcode 3.2";
			developmentRegion = English;
			hasScannedForEncodings = 0;
			knownRegions = (
				English,
				en,
				Base,
			);
			mainGroup = DC475DF01A8E3EF3005853AD;
			productRefGroup = DC475DFA1A8E3EF3005853AD /* Products */;
			projectDirPath = "";
			projectRoot = "";
			targets = (
				DC475DF81A8E3EF3005853AD /* Step */,
			);
		};
/* End PBXProject section */

/* Begin PBXResourcesBuildPhase section */
		DC475DF71A8E3EF3005853AD /* Resources */ = {
			isa = PBXResourcesBuildPhase;
			buildActionMask = 2147483647;
			files = (
				DC3389B1227310270089435D /* README.md in Resources */,
				DC9DD88120B0B91F007E16DD /* LaunchScreen.xib in Resources */,
				DC3389B0227310270089435D /* CHANGELOG.md in Resources */,
			);
			runOnlyForDeploymentPostprocessing = 0;
		};
/* End PBXResourcesBuildPhase section */

/* Begin PBXShellScriptBuildPhase section */
		04140FBC4A84E553FC6A577F /* [CP] Check Pods Manifest.lock */ = {
			isa = PBXShellScriptBuildPhase;
			buildActionMask = 2147483647;
			files = (
			);
			inputPaths = (
				"${PODS_PODFILE_DIR_PATH}/Podfile.lock",
				"${PODS_ROOT}/Manifest.lock",
			);
			name = "[CP] Check Pods Manifest.lock";
			outputPaths = (
				"$(DERIVED_FILE_DIR)/Pods-Step-checkManifestLockResult.txt",
			);
			runOnlyForDeploymentPostprocessing = 0;
			shellPath = /bin/sh;
			shellScript = "diff \"${PODS_PODFILE_DIR_PATH}/Podfile.lock\" \"${PODS_ROOT}/Manifest.lock\" > /dev/null\nif [ $? != 0 ] ; then\n    # print error to STDERR\n    echo \"error: The sandbox is not in sync with the Podfile.lock. Run 'pod install' or update your CocoaPods installation.\" >&2\n    exit 1\nfi\n# This output is used by Xcode 'outputs' to avoid re-running this script phase.\necho \"SUCCESS\" > \"${SCRIPT_OUTPUT_FILE_0}\"\n";
			showEnvVarsInLog = 0;
		};
		1AE1A7145CA8FFBFF1A4703D /* [CP-User] SwiftLintAutocorrect */ = {
			isa = PBXShellScriptBuildPhase;
			buildActionMask = 2147483647;
			files = (
			);
			name = "[CP-User] SwiftLintAutocorrect";
			runOnlyForDeploymentPostprocessing = 0;
			shellPath = /bin/sh;
			shellScript = "if [ \"Debug\" == \"${CONFIGURATION}\" ]; then ${PODS_ROOT}/SwiftLint/swiftlint autocorrect --config ${PODS_ROOT}/SwiftQuality/.swiftlint.yml --path ${SRCROOT}/.. ; fi";
			showEnvVarsInLog = 0;
		};
		4992A0A4261E2D41779CEB94 /* [CP] Embed Pods Frameworks */ = {
			isa = PBXShellScriptBuildPhase;
			buildActionMask = 2147483647;
			files = (
			);
			inputPaths = (
				"${PODS_ROOT}/Target Support Files/Pods-Step/Pods-Step-frameworks.sh",
				"${BUILT_PRODUCTS_DIR}/StepProgressView/StepProgressView.framework",
				"${BUILT_PRODUCTS_DIR}/SweeterSwift/SweeterSwift.framework",
			);
			name = "[CP] Embed Pods Frameworks";
			outputPaths = (
				"${TARGET_BUILD_DIR}/${FRAMEWORKS_FOLDER_PATH}/StepProgressView.framework",
				"${TARGET_BUILD_DIR}/${FRAMEWORKS_FOLDER_PATH}/SweeterSwift.framework",
			);
			runOnlyForDeploymentPostprocessing = 0;
			shellPath = /bin/sh;
			shellScript = "\"${PODS_ROOT}/Target Support Files/Pods-Step/Pods-Step-frameworks.sh\"\n";
			showEnvVarsInLog = 0;
		};
		703DB4F700976D5E158B2A0B /* [CP-User] SwiftLint */ = {
			isa = PBXShellScriptBuildPhase;
			buildActionMask = 2147483647;
			files = (
			);
			name = "[CP-User] SwiftLint";
			runOnlyForDeploymentPostprocessing = 0;
			shellPath = /bin/sh;
			shellScript = "if [ \"Debug\" == \"${CONFIGURATION}\" ]; then ${PODS_ROOT}/SwiftLint/swiftlint --config ${PODS_ROOT}/SwiftQuality/.swiftlint.yml --path ${SRCROOT}/.. ; fi";
			showEnvVarsInLog = 0;
		};
		92F32CBA0CB54133BD9EEFE4 /* [CP-User] SwiftFormat */ = {
			isa = PBXShellScriptBuildPhase;
			buildActionMask = 2147483647;
			files = (
			);
			name = "[CP-User] SwiftFormat";
			runOnlyForDeploymentPostprocessing = 0;
			shellPath = /bin/sh;
			shellScript = "if [ \"Debug\" == \"${CONFIGURATION}\" ]; then ${PODS_ROOT}/SwiftFormat/CommandLineTool/swiftformat --swiftversion ${SWIFT_VERSION} --config ${PODS_ROOT}/SwiftQuality/.swiftformat ${SRCROOT}/.. ; fi";
			showEnvVarsInLog = 0;
		};
		DC8470E142ACB9EF47D7CAE4 /* [CP] Copy Pods Resources */ = {
			isa = PBXShellScriptBuildPhase;
			buildActionMask = 2147483647;
			files = (
			);
			inputPaths = (
				"${PODS_ROOT}/Target Support Files/Pods-Step/Pods-Step-resources.sh",
				"${PODS_ROOT}/SwiftQuality/.swiftformat",
				"${PODS_ROOT}/SwiftQuality/.swiftlint.yml",
			);
			name = "[CP] Copy Pods Resources";
			outputPaths = (
				"${TARGET_BUILD_DIR}/${UNLOCALIZED_RESOURCES_FOLDER_PATH}/.swiftformat",
				"${TARGET_BUILD_DIR}/${UNLOCALIZED_RESOURCES_FOLDER_PATH}/.swiftlint.yml",
			);
			runOnlyForDeploymentPostprocessing = 0;
			shellPath = /bin/sh;
			shellScript = "\"${PODS_ROOT}/Target Support Files/Pods-Step/Pods-Step-resources.sh\"\n";
			showEnvVarsInLog = 0;
		};
/* End PBXShellScriptBuildPhase section */

/* Begin PBXSourcesBuildPhase section */
		DC475DF51A8E3EF3005853AD /* Sources */ = {
			isa = PBXSourcesBuildPhase;
			buildActionMask = 2147483647;
			files = (
				DC9DD88320B0B91F007E16DD /* StepProgressViewDemo.swift in Sources */,
			);
			runOnlyForDeploymentPostprocessing = 0;
		};
/* End PBXSourcesBuildPhase section */

/* Begin PBXVariantGroup section */
		DC9DD87D20B0B91F007E16DD /* LaunchScreen.xib */ = {
			isa = PBXVariantGroup;
			children = (
				DC9DD87E20B0B91F007E16DD /* Base */,
			);
			name = LaunchScreen.xib;
			sourceTree = "<group>";
		};
/* End PBXVariantGroup section */

/* Begin XCBuildConfiguration section */
		DC475E161A8E3EF3005853AD /* Debug */ = {
			isa = XCBuildConfiguration;
			buildSettings = {
				ALWAYS_SEARCH_USER_PATHS = NO;
				CLANG_CXX_LANGUAGE_STANDARD = "gnu++0x";
				CLANG_CXX_LIBRARY = "libc++";
				CLANG_ENABLE_MODULES = YES;
				CLANG_ENABLE_OBJC_ARC = YES;
				CLANG_WARN_BLOCK_CAPTURE_AUTORELEASING = YES;
				CLANG_WARN_BOOL_CONVERSION = YES;
				CLANG_WARN_COMMA = YES;
				CLANG_WARN_CONSTANT_CONVERSION = YES;
				CLANG_WARN_DEPRECATED_OBJC_IMPLEMENTATIONS = YES;
				CLANG_WARN_DIRECT_OBJC_ISA_USAGE = YES_ERROR;
				CLANG_WARN_EMPTY_BODY = YES;
				CLANG_WARN_ENUM_CONVERSION = YES;
				CLANG_WARN_INFINITE_RECURSION = YES;
				CLANG_WARN_INT_CONVERSION = YES;
				CLANG_WARN_NON_LITERAL_NULL_CONVERSION = YES;
				CLANG_WARN_OBJC_IMPLICIT_RETAIN_SELF = YES;
				CLANG_WARN_OBJC_LITERAL_CONVERSION = YES;
				CLANG_WARN_OBJC_ROOT_CLASS = YES_ERROR;
				CLANG_WARN_RANGE_LOOP_ANALYSIS = YES;
				CLANG_WARN_STRICT_PROTOTYPES = YES;
				CLANG_WARN_SUSPICIOUS_MOVE = YES;
				CLANG_WARN_UNREACHABLE_CODE = YES;
				CLANG_WARN__DUPLICATE_METHOD_MATCH = YES;
				"CODE_SIGN_IDENTITY[sdk=iphoneos*]" = "iPhone Developer";
				COPY_PHASE_STRIP = NO;
				ENABLE_STRICT_OBJC_MSGSEND = YES;
				ENABLE_TESTABILITY = YES;
				GCC_C_LANGUAGE_STANDARD = gnu99;
				GCC_DYNAMIC_NO_PIC = NO;
				GCC_NO_COMMON_BLOCKS = YES;
				GCC_OPTIMIZATION_LEVEL = 0;
				GCC_PREPROCESSOR_DEFINITIONS = (
					"DEBUG=1",
					"$(inherited)",
				);
				GCC_SYMBOLS_PRIVATE_EXTERN = NO;
				GCC_WARN_64_TO_32_BIT_CONVERSION = YES;
				GCC_WARN_ABOUT_RETURN_TYPE = YES_ERROR;
				GCC_WARN_UNDECLARED_SELECTOR = YES;
				GCC_WARN_UNINITIALIZED_AUTOS = YES_AGGRESSIVE;
				GCC_WARN_UNUSED_FUNCTION = YES;
				GCC_WARN_UNUSED_VARIABLE = YES;
				IPHONEOS_DEPLOYMENT_TARGET = 9.3;
				MTL_ENABLE_DEBUG_INFO = YES;
				ONLY_ACTIVE_ARCH = YES;
				SDKROOT = iphoneos;
				SWIFT_OPTIMIZATION_LEVEL = "-Onone";
				SWIFT_VERSION = 5.0;
				TARGETED_DEVICE_FAMILY = "1,2";
			};
			name = Debug;
		};
		DC475E171A8E3EF3005853AD /* Release */ = {
			isa = XCBuildConfiguration;
			buildSettings = {
				ALWAYS_SEARCH_USER_PATHS = NO;
				CLANG_CXX_LANGUAGE_STANDARD = "gnu++0x";
				CLANG_CXX_LIBRARY = "libc++";
				CLANG_ENABLE_MODULES = YES;
				CLANG_ENABLE_OBJC_ARC = YES;
				CLANG_WARN_BLOCK_CAPTURE_AUTORELEASING = YES;
				CLANG_WARN_BOOL_CONVERSION = YES;
				CLANG_WARN_COMMA = YES;
				CLANG_WARN_CONSTANT_CONVERSION = YES;
				CLANG_WARN_DEPRECATED_OBJC_IMPLEMENTATIONS = YES;
				CLANG_WARN_DIRECT_OBJC_ISA_USAGE = YES_ERROR;
				CLANG_WARN_EMPTY_BODY = YES;
				CLANG_WARN_ENUM_CONVERSION = YES;
				CLANG_WARN_INFINITE_RECURSION = YES;
				CLANG_WARN_INT_CONVERSION = YES;
				CLANG_WARN_NON_LITERAL_NULL_CONVERSION = YES;
				CLANG_WARN_OBJC_IMPLICIT_RETAIN_SELF = YES;
				CLANG_WARN_OBJC_LITERAL_CONVERSION = YES;
				CLANG_WARN_OBJC_ROOT_CLASS = YES_ERROR;
				CLANG_WARN_RANGE_LOOP_ANALYSIS = YES;
				CLANG_WARN_STRICT_PROTOTYPES = YES;
				CLANG_WARN_SUSPICIOUS_MOVE = YES;
				CLANG_WARN_UNREACHABLE_CODE = YES;
				CLANG_WARN__DUPLICATE_METHOD_MATCH = YES;
				"CODE_SIGN_IDENTITY[sdk=iphoneos*]" = "iPhone Developer";
				COPY_PHASE_STRIP = YES;
				ENABLE_NS_ASSERTIONS = NO;
				ENABLE_STRICT_OBJC_MSGSEND = YES;
				GCC_C_LANGUAGE_STANDARD = gnu99;
				GCC_NO_COMMON_BLOCKS = YES;
				GCC_WARN_64_TO_32_BIT_CONVERSION = YES;
				GCC_WARN_ABOUT_RETURN_TYPE = YES_ERROR;
				GCC_WARN_UNDECLARED_SELECTOR = YES;
				GCC_WARN_UNINITIALIZED_AUTOS = YES_AGGRESSIVE;
				GCC_WARN_UNUSED_FUNCTION = YES;
				GCC_WARN_UNUSED_VARIABLE = YES;
				IPHONEOS_DEPLOYMENT_TARGET = 9.3;
				MTL_ENABLE_DEBUG_INFO = NO;
				SDKROOT = iphoneos;
				SWIFT_OPTIMIZATION_LEVEL = "-Owholemodule";
				SWIFT_VERSION = 5.0;
				TARGETED_DEVICE_FAMILY = "1,2";
				VALIDATE_PRODUCT = YES;
			};
			name = Release;
		};
		DC475E191A8E3EF3005853AD /* Debug */ = {
			isa = XCBuildConfiguration;
			baseConfigurationReference = DA8B0083C0BB161ED6F786F4 /* Pods-Step.debug.xcconfig */;
			buildSettings = {
				ASSETCATALOG_COMPILER_APPICON_NAME = AppIcon;
				CLANG_ENABLE_MODULES = YES;
				CODE_SIGN_IDENTITY = "iPhone Developer";
				"CODE_SIGN_IDENTITY[sdk=iphoneos*]" = "iPhone Developer";
				INFOPLIST_FILE = Step/Info.plist;
				LD_RUNPATH_SEARCH_PATHS = "$(inherited) @executable_path/Frameworks";
				PRODUCT_BUNDLE_IDENTIFIER = "com.roysharon.$(PRODUCT_NAME:rfc1034identifier)";
				PRODUCT_NAME = "$(TARGET_NAME)";
				PROVISIONING_PROFILE = "";
				SWIFT_OPTIMIZATION_LEVEL = "-Onone";
				SWIFT_VERSION = 5.0;
			};
			name = Debug;
		};
		DC475E1A1A8E3EF3005853AD /* Release */ = {
			isa = XCBuildConfiguration;
			baseConfigurationReference = 86135C1A24871D9F8B06C776 /* Pods-Step.release.xcconfig */;
			buildSettings = {
				ASSETCATALOG_COMPILER_APPICON_NAME = AppIcon;
				CLANG_ENABLE_MODULES = YES;
				CODE_SIGN_IDENTITY = "iPhone Developer";
				"CODE_SIGN_IDENTITY[sdk=iphoneos*]" = "iPhone Developer";
				INFOPLIST_FILE = Step/Info.plist;
				LD_RUNPATH_SEARCH_PATHS = "$(inherited) @executable_path/Frameworks";
				PRODUCT_BUNDLE_IDENTIFIER = "com.roysharon.$(PRODUCT_NAME:rfc1034identifier)";
				PRODUCT_NAME = "$(TARGET_NAME)";
				PROVISIONING_PROFILE = "";
				SWIFT_VERSION = 5.0;
			};
			name = Release;
		};
/* End XCBuildConfiguration section */

/* Begin XCConfigurationList section */
		DC475DF41A8E3EF3005853AD /* Build configuration list for PBXProject "Step" */ = {
			isa = XCConfigurationList;
			buildConfigurations = (
				DC475E161A8E3EF3005853AD /* Debug */,
				DC475E171A8E3EF3005853AD /* Release */,
			);
			defaultConfigurationIsVisible = 0;
			defaultConfigurationName = Release;
		};
		DC475E181A8E3EF3005853AD /* Build configuration list for PBXNativeTarget "Step" */ = {
			isa = XCConfigurationList;
			buildConfigurations = (
				DC475E191A8E3EF3005853AD /* Debug */,
				DC475E1A1A8E3EF3005853AD /* Release */,
			);
			defaultConfigurationIsVisible = 0;
			defaultConfigurationName = Release;
		};
/* End XCConfigurationList section */
	};
	rootObject = DC475DF11A8E3EF3005853AD /* Project object */;
}
